
Microsoft Visual Studio Solution File, Format Version 11.00
# Visual Studio 2010
Project("{8BC9CEB8-8B4A-11D0-8D11-00A0C91BC942}") = "psmove-pair-win", "psmove-pair-win\psmove-pair-win.vcxproj", "{B421B2EA-2B7C-48D8-AEE3-530419DE8BE6}"
EndProject
Global
	GlobalSection(SolutionConfigurationPlatforms) = preSolution
		Debug|Win32 = Debug|Win32
		Release|Win32 = Release|Win32
	EndGlobalSection
	GlobalSection(ProjectConfigurationPlatforms) = postSolution
		{B421B2EA-2B7C-48D8-AEE3-530419DE8BE6}.Debug|Win32.ActiveCfg = Debug|Win32
		{B421B2EA-2B7C-48D8-AEE3-530419DE8BE6}.Debug|Win32.Build.0 = Debug|Win32
		{B421B2EA-2B7C-48D8-AEE3-530419DE8BE6}.Release|Win32.ActiveCfg = Release|Win32
		{B421B2EA-2B7C-48D8-AEE3-530419DE8BE6}.Release|Win32.Build.0 = Release|Win32
	EndGlobalSection
	GlobalSection(SolutionProperties) = preSolution
		HideSolutionNode = FALSE
	EndGlobalSection
EndGlobal
